
Microsoft Visual Studio Solution File, Format Version 12.00
# Visual Studio Version 16
VisualStudioVersion = 16.0.30011.22
MinimumVisualStudioVersion = 10.0.40219.1
Project("{FAE04EC0-301F-11D3-BF4B-00C04F79EFBC}") = "ExtendedTreeView", "ExtendedTreeView\ExtendedTreeView.csproj", "{359A7417-7A3C-4DC4-9132-02015C1E5A20}"
EndProject
Global
	GlobalSection(SolutionConfigurationPlatforms) = preSolution
		Debug|Any CPU = Debug|Any CPU
		Release|Any CPU = Release|Any CPU
	EndGlobalSection
	GlobalSection(ProjectConfigurationPlatforms) = postSolution
		{359A7417-7A3C-4DC4-9132-02015C1E5A20}.Debug|Any CPU.ActiveCfg = Debug|Any CPU
		{359A7417-7A3C-4DC4-9132-02015C1E5A20}.Debug|Any CPU.Build.0 = Debug|Any CPU
		{359A7417-7A3C-4DC4-9132-02015C1E5A20}.Release|Any CPU.ActiveCfg = Release|Any CPU
		{359A7417-7A3C-4DC4-9132-02015C1E5A20}.Release|Any CPU.Build.0 = Release|Any CPU
	EndGlobalSection
	GlobalSection(SolutionProperties) = preSolution
		HideSolutionNode = FALSE
	EndGlobalSection
	GlobalSection(ExtensibilityGlobals) = postSolution
		SolutionGuid = {4DAF8E16-56F3-48CA-B1DF-000714939B1B}
	EndGlobalSection
EndGlobal
